
Microsoft Visual Studio Solution File, Format Version 12.00
Project("{FAE04EC0-301F-11D3-BF4B-00C04F79EFBC}") = "pusula-may", "pusula-may.csproj", "{96A37475-0019-488A-B7F0-4789D7AE8D61}"
EndProject
Global
	GlobalSection(SolutionConfigurationPlatforms) = preSolution
		Debug|Any CPU = Debug|Any CPU
		Release|Any CPU = Release|Any CPU
	EndGlobalSection
	GlobalSection(ProjectConfigurationPlatforms) = postSolution
		{96A37475-0019-488A-B7F0-4789D7AE8D61}.Debug|Any CPU.ActiveCfg = Debug|Any CPU
		{96A37475-0019-488A-B7F0-4789D7AE8D61}.Debug|Any CPU.Build.0 = Debug|Any CPU
		{96A37475-0019-488A-B7F0-4789D7AE8D61}.Release|Any CPU.ActiveCfg = Release|Any CPU
		{96A37475-0019-488A-B7F0-4789D7AE8D61}.Release|Any CPU.Build.0 = Release|Any CPU
	EndGlobalSection
EndGlobal
